
Microsoft Visual Studio Solution File, Format Version 12.00
# Visual Studio Version 17
VisualStudioVersion = 17.8.34525.116
MinimumVisualStudioVersion = 10.0.40219.1
Project("{9A19103F-16F7-4668-BE54-9A1E7A4F7556}") = "SudokuSolver", "SudokuSolver\SudokuSolver.csproj", "{D84D64A7-825D-442F-A225-5024D63C2623}"
EndProject
Project("{9A19103F-16F7-4668-BE54-9A1E7A4F7556}") = "Tests", "Tests\Tests.csproj", "{4CAC170C-40B7-4A92-B5FE-0358B3818B13}"
EndProject
Project("{2150E333-8FDC-42A3-9474-1A3956D46DE8}") = "Solution Items", "Solution Items", "{F50C081D-6D2C-4224-895F-215038DC9A2E}"
	ProjectSection(SolutionItems) = preProject
		.editorconfig = .editorconfig
	EndProjectSection
EndProject
Global
	GlobalSection(SolutionConfigurationPlatforms) = preSolution
		Debug|Any CPU = Debug|Any CPU
		Release|Any CPU = Release|Any CPU
	EndGlobalSection
	GlobalSection(ProjectConfigurationPlatforms) = postSolution
		{D84D64A7-825D-442F-A225-5024D63C2623}.Debug|Any CPU.ActiveCfg = Debug|Any CPU
		{D84D64A7-825D-442F-A225-5024D63C2623}.Debug|Any CPU.Build.0 = Debug|Any CPU
		{D84D64A7-825D-442F-A225-5024D63C2623}.Release|Any CPU.ActiveCfg = Release|Any CPU
		{D84D64A7-825D-442F-A225-5024D63C2623}.Release|Any CPU.Build.0 = Release|Any CPU
		{4CAC170C-40B7-4A92-B5FE-0358B3818B13}.Debug|Any CPU.ActiveCfg = Debug|Any CPU
		{4CAC170C-40B7-4A92-B5FE-0358B3818B13}.Debug|Any CPU.Build.0 = Debug|Any CPU
		{4CAC170C-40B7-4A92-B5FE-0358B3818B13}.Release|Any CPU.ActiveCfg = Release|Any CPU
		{4CAC170C-40B7-4A92-B5FE-0358B3818B13}.Release|Any CPU.Build.0 = Release|Any CPU
	EndGlobalSection
	GlobalSection(SolutionProperties) = preSolution
		HideSolutionNode = FALSE
	EndGlobalSection
	GlobalSection(ExtensibilityGlobals) = postSolution
		SolutionGuid = {9F39001D-8FC7-47BD-9FAC-78981087DF8E}
	EndGlobalSection
EndGlobal
